
Microsoft Visual Studio Solution File, Format Version 12.00
# Visual Studio Version 16
VisualStudioVersion = 16.0.30104.148
MinimumVisualStudioVersion = 10.0.40219.1
Project("{FAE04EC0-301F-11D3-BF4B-00C04F79EFBC}") = "WebFormApplication", "WebFormApplication\WebFormApplication.csproj", "{7FAD090B-816C-4D1A-AEF7-B1F076572FF9}"
EndProject
Project("{FAE04EC0-301F-11D3-BF4B-00C04F79EFBC}") = "AspNetApplication", "AspNetApplication\AspNetApplication.csproj", "{3D63462D-CE14-4521-BE42-361468FEDD54}"
EndProject
Global
	GlobalSection(SolutionConfigurationPlatforms) = preSolution
		Debug|Any CPU = Debug|Any CPU
		Release|Any CPU = Release|Any CPU
	EndGlobalSection
	GlobalSection(ProjectConfigurationPlatforms) = postSolution
		{7FAD090B-816C-4D1A-AEF7-B1F076572FF9}.Debug|Any CPU.ActiveCfg = Debug|Any CPU
		{7FAD090B-816C-4D1A-AEF7-B1F076572FF9}.Debug|Any CPU.Build.0 = Debug|Any CPU
		{7FAD090B-816C-4D1A-AEF7-B1F076572FF9}.Release|Any CPU.ActiveCfg = Release|Any CPU
		{7FAD090B-816C-4D1A-AEF7-B1F076572FF9}.Release|Any CPU.Build.0 = Release|Any CPU
		{3D63462D-CE14-4521-BE42-361468FEDD54}.Debug|Any CPU.ActiveCfg = Debug|Any CPU
		{3D63462D-CE14-4521-BE42-361468FEDD54}.Debug|Any CPU.Build.0 = Debug|Any CPU
		{3D63462D-CE14-4521-BE42-361468FEDD54}.Release|Any CPU.ActiveCfg = Release|Any CPU
		{3D63462D-CE14-4521-BE42-361468FEDD54}.Release|Any CPU.Build.0 = Release|Any CPU
	EndGlobalSection
	GlobalSection(SolutionProperties) = preSolution
		HideSolutionNode = FALSE
	EndGlobalSection
	GlobalSection(ExtensibilityGlobals) = postSolution
		SolutionGuid = {7D09E8FA-4211-4940-B1E3-0D13A8AF91E9}
	EndGlobalSection
EndGlobal
